
Microsoft Visual Studio Solution File, Format Version 11.00
# Visual C++ Express 2010
Project("{8BC9CEB8-8B4A-11D0-8D11-00A0C91BC942}") = "Decision Tree", "Decision Tree\Decision Tree.vcxproj", "{FAB88376-401B-48AA-8679-566971E4A189}"
EndProject
Global
	GlobalSection(SolutionConfigurationPlatforms) = preSolution
		Debug|Win32 = Debug|Win32
		Release|Win32 = Release|Win32
	EndGlobalSection
	GlobalSection(ProjectConfigurationPlatforms) = postSolution
		{FAB88376-401B-48AA-8679-566971E4A189}.Debug|Win32.ActiveCfg = Debug|Win32
		{FAB88376-401B-48AA-8679-566971E4A189}.Debug|Win32.Build.0 = Debug|Win32
		{FAB88376-401B-48AA-8679-566971E4A189}.Release|Win32.ActiveCfg = Release|Win32
		{FAB88376-401B-48AA-8679-566971E4A189}.Release|Win32.Build.0 = Release|Win32
	EndGlobalSection
	GlobalSection(SolutionProperties) = preSolution
		HideSolutionNode = FALSE
	EndGlobalSection
EndGlobal
